// !$*UTF8*$!
{
	archiveVersion = 1;
	classes = {
	};
	objectVersion = 50;
	objects = {

/* Begin PBXBuildFile section */
		1360CCA124A914830006C7DF /* hitungbalokhardcoded.swift in Sources */ = {isa = PBXBuildFile; fileRef = 1360CCA024A914830006C7DF /* hitungbalokhardcoded.swift */; };
		1360CCA324A9149D0006C7DF /* inputhitungbalok.swift in Sources */ = {isa = PBXBuildFile; fileRef = 1360CCA224A9149D0006C7DF /* inputhitungbalok.swift */; };
		138F010F24A0ABB4009E75CC /* main.swift in Sources */ = {isa = PBXBuildFile; fileRef = 138F010E24A0ABB4009E75CC /* main.swift */; };
		138F011A24A0B53F009E75CC /* inputdatadiri.swift in Sources */ = {isa = PBXBuildFile; fileRef = 138F011924A0B53F009E75CC /* inputdatadiri.swift */; };
		138F011C24A0B567009E75CC /* informasidatadiri.swift in Sources */ = {isa = PBXBuildFile; fileRef = 138F011B24A0B567009E75CC /* informasidatadiri.swift */; };
/* End PBXBuildFile section */

/* Begin PBXCopyFilesBuildPhase section */
		138F010924A0ABB4009E75CC /* CopyFiles */ = {
			isa = PBXCopyFilesBuildPhase;
			buildActionMask = 2147483647;
			dstPath = /usr/share/man/man1/;
			dstSubfolderSpec = 0;
			files = (
			);
			runOnlyForDeploymentPostprocessing = 1;
		};
/* End PBXCopyFilesBuildPhase section */

/* Begin PBXFileReference section */
		1360CCA024A914830006C7DF /* hitungbalokhardcoded.swift */ = {isa = PBXFileReference; lastKnownFileType = sourcecode.swift; path = hitungbalokhardcoded.swift; sourceTree = "<group>"; };
		1360CCA224A9149D0006C7DF /* inputhitungbalok.swift */ = {isa = PBXFileReference; lastKnownFileType = sourcecode.swift; path = inputhitungbalok.swift; sourceTree = "<group>"; };
		138F010B24A0ABB4009E75CC /* BelajarXCode */ = {isa = PBXFileReference; explicitFileType = "compiled.mach-o.executable"; includeInIndex = 0; path = BelajarXCode; sourceTree = BUILT_PRODUCTS_DIR; };
		138F010E24A0ABB4009E75CC /* main.swift */ = {isa = PBXFileReference; lastKnownFileType = sourcecode.swift; path = main.swift; sourceTree = "<group>"; };
		138F011924A0B53F009E75CC /* inputdatadiri.swift */ = {isa = PBXFileReference; lastKnownFileType = sourcecode.swift; path = inputdatadiri.swift; sourceTree = "<group>"; };
		138F011B24A0B567009E75CC /* informasidatadiri.swift */ = {isa = PBXFileReference; lastKnownFileType = sourcecode.swift; path = informasidatadiri.swift; sourceTree = "<group>"; };
/* End PBXFileReference section */

/* Begin PBXFrameworksBuildPhase section */
		138F010824A0ABB4009E75CC /* Frameworks */ = {
			isa = PBXFrameworksBuildPhase;
			buildActionMask = 2147483647;
			files = (
			);
			runOnlyForDeploymentPostprocessing = 0;
		};
/* End PBXFrameworksBuildPhase section */

/* Begin PBXGroup section */
		138F010224A0ABB4009E75CC = {
			isa = PBXGroup;
			children = (
				138F010D24A0ABB4009E75CC /* DataDiri */,
				138F010C24A0ABB4009E75CC /* Products */,
			);
			sourceTree = "<group>";
		};
		138F010C24A0ABB4009E75CC /* Products */ = {
			isa = PBXGroup;
			children = (
				138F010B24A0ABB4009E75CC /* BelajarXCode */,
			);
			name = Products;
			sourceTree = "<group>";
		};
		138F010D24A0ABB4009E75CC /* DataDiri */ = {
			isa = PBXGroup;
			children = (
				138F010E24A0ABB4009E75CC /* main.swift */,
				138F011924A0B53F009E75CC /* inputdatadiri.swift */,
				138F011B24A0B567009E75CC /* informasidatadiri.swift */,
				1360CCA024A914830006C7DF /* hitungbalokhardcoded.swift */,
				1360CCA224A9149D0006C7DF /* inputhitungbalok.swift */,
			);
			path = DataDiri;
			sourceTree = "<group>";
		};
/* End PBXGroup section */

/* Begin PBXNativeTarget section */
		138F010A24A0ABB4009E75CC /* BelajarXCode */ = {
			isa = PBXNativeTarget;
			buildConfigurationList = 138F011224A0ABB4009E75CC /* Build configuration list for PBXNativeTarget "BelajarXCode" */;
			buildPhases = (
				138F010724A0ABB4009E75CC /* Sources */,
				138F010824A0ABB4009E75CC /* Frameworks */,
				138F010924A0ABB4009E75CC /* CopyFiles */,
			);
			buildRules = (
			);
			dependencies = (
			);
			name = BelajarXCode;
			productName = DataDiri;
			productReference = 138F010B24A0ABB4009E75CC /* BelajarXCode */;
			productType = "com.apple.product-type.tool";
		};
/* End PBXNativeTarget section */

/* Begin PBXProject section */
		138F010324A0ABB4009E75CC /* Project object */ = {
			isa = PBXProject;
			attributes = {
				LastSwiftUpdateCheck = 1010;
				LastUpgradeCheck = 1010;
				ORGANIZATIONNAME = "Berandalan Jenius";
				TargetAttributes = {
					138F010A24A0ABB4009E75CC = {
						CreatedOnToolsVersion = 10.1;
					};
				};
			};
			buildConfigurationList = 138F010624A0ABB4009E75CC /* Build configuration list for PBXProject "BelajarXCode" */;
			compatibilityVersion = "Xcode 9.3";
			developmentRegion = en;
			hasScannedForEncodings = 0;
			knownRegions = (
				en,
			);
			mainGroup = 138F010224A0ABB4009E75CC;
			productRefGroup = 138F010C24A0ABB4009E75CC /* Products */;
			projectDirPath = "";
			projectRoot = "";
			targets = (
				138F010A24A0ABB4009E75CC /* BelajarXCode */,
			);
		};
/* End PBXProject section */

/* Begin PBXSourcesBuildPhase section */
		138F010724A0ABB4009E75CC /* Sources */ = {
			isa = PBXSourcesBuildPhase;
			buildActionMask = 2147483647;
			files = (
				138F011A24A0B53F009E75CC /* inputdatadiri.swift in Sources */,
				1360CCA324A9149D0006C7DF /* inputhitungbalok.swift in Sources */,
				138F010F24A0ABB4009E75CC /* main.swift in Sources */,
				138F011C24A0B567009E75CC /* informasidatadiri.swift in Sources */,
				1360CCA124A914830006C7DF /* hitungbalokhardcoded.swift in Sources */,
			);
			runOnlyForDeploymentPostprocessing = 0;
		};
/* End PBXSourcesBuildPhase section */

/* Begin XCBuildConfiguration section */
		138F011024A0ABB4009E75CC /* Debug */ = {
			isa = XCBuildConfiguration;
			buildSettings = {
				ALWAYS_SEARCH_USER_PATHS = NO;
				CLANG_ANALYZER_NONNULL = YES;
				CLANG_ANALYZER_NUMBER_OBJECT_CONVERSION = YES_AGGRESSIVE;
				CLANG_CXX_LANGUAGE_STANDARD = "gnu++14";
				CLANG_CXX_LIBRARY = "libc++";
				CLANG_ENABLE_MODULES = YES;
				CLANG_ENABLE_OBJC_ARC = YES;
				CLANG_ENABLE_OBJC_WEAK = YES;
				CLANG_WARN_BLOCK_CAPTURE_AUTORELEASING = YES;
				CLANG_WARN_BOOL_CONVERSION = YES;
				CLANG_WARN_COMMA = YES;
				CLANG_WARN_CONSTANT_CONVERSION = YES;
				CLANG_WARN_DEPRECATED_OBJC_IMPLEMENTATIONS = YES;
				CLANG_WARN_DIRECT_OBJC_ISA_USAGE = YES_ERROR;
				CLANG_WARN_DOCUMENTATION_COMMENTS = YES;
				CLANG_WARN_EMPTY_BODY = YES;
				CLANG_WARN_ENUM_CONVERSION = YES;
				CLANG_WARN_INFINITE_RECURSION = YES;
				CLANG_WARN_INT_CONVERSION = YES;
				CLANG_WARN_NON_LITERAL_NULL_CONVERSION = YES;
				CLANG_WARN_OBJC_IMPLICIT_RETAIN_SELF = YES;
				CLANG_WARN_OBJC_LITERAL_CONVERSION = YES;
				CLANG_WARN_OBJC_ROOT_CLASS = YES_ERROR;
				CLANG_WARN_RANGE_LOOP_ANALYSIS = YES;
				CLANG_WARN_STRICT_PROTOTYPES = YES;
				CLANG_WARN_SUSPICIOUS_MOVE = YES;
				CLANG_WARN_UNGUARDED_AVAILABILITY = YES_AGGRESSIVE;
				CLANG_WARN_UNREACHABLE_CODE = YES;
				CLANG_WARN__DUPLICATE_METHOD_MATCH = YES;
				CODE_SIGN_IDENTITY = "Mac Developer";
				COPY_PHASE_STRIP = NO;
				DEBUG_INFORMATION_FORMAT = dwarf;
				ENABLE_STRICT_OBJC_MSGSEND = YES;
				ENABLE_TESTABILITY = YES;
				GCC_C_LANGUAGE_STANDARD = gnu11;
				GCC_DYNAMIC_NO_PIC = NO;
				GCC_NO_COMMON_BLOCKS = YES;
				GCC_OPTIMIZATION_LEVEL = 0;
				GCC_PREPROCESSOR_DEFINITIONS = (
					"DEBUG=1",
					"$(inherited)",
				);
				GCC_WARN_64_TO_32_BIT_CONVERSION = YES;
				GCC_WARN_ABOUT_RETURN_TYPE = YES_ERROR;
				GCC_WARN_UNDECLARED_SELECTOR = YES;
				GCC_WARN_UNINITIALIZED_AUTOS = YES_AGGRESSIVE;
				GCC_WARN_UNUSED_FUNCTION = YES;
				GCC_WARN_UNUSED_VARIABLE = YES;
				MACOSX_DEPLOYMENT_TARGET = 10.13;
				MTL_ENABLE_DEBUG_INFO = INCLUDE_SOURCE;
				MTL_FAST_MATH = YES;
				ONLY_ACTIVE_ARCH = YES;
				SDKROOT = macosx;
				SWIFT_ACTIVE_COMPILATION_CONDITIONS = DEBUG;
				SWIFT_OPTIMIZATION_LEVEL = "-Onone";
			};
			name = Debug;
		};
		138F011124A0ABB4009E75CC /* Release */ = {
			isa = XCBuildConfiguration;
			buildSettings = {
				ALWAYS_SEARCH_USER_PATHS = NO;
				CLANG_ANALYZER_NONNULL = YES;
				CLANG_ANALYZER_NUMBER_OBJECT_CONVERSION = YES_AGGRESSIVE;
				CLANG_CXX_LANGUAGE_STANDARD = "gnu++14";
				CLANG_CXX_LIBRARY = "libc++";
				CLANG_ENABLE_MODULES = YES;
				CLANG_ENABLE_OBJC_ARC = YES;
				CLANG_ENABLE_OBJC_WEAK = YES;
				CLANG_WARN_BLOCK_CAPTURE_AUTORELEASING = YES;
				CLANG_WARN_BOOL_CONVERSION = YES;
				CLANG_WARN_COMMA = YES;
				CLANG_WARN_CONSTANT_CONVERSION = YES;
				CLANG_WARN_DEPRECATED_OBJC_IMPLEMENTATIONS = YES;
				CLANG_WARN_DIRECT_OBJC_ISA_USAGE = YES_ERROR;
				CLANG_WARN_DOCUMENTATION_COMMENTS = YES;
				CLANG_WARN_EMPTY_BODY = YES;
				CLANG_WARN_ENUM_CONVERSION = YES;
				CLANG_WARN_INFINITE_RECURSION = YES;
				CLANG_WARN_INT_CONVERSION = YES;
				CLANG_WARN_NON_LITERAL_NULL_CONVERSION = YES;
				CLANG_WARN_OBJC_IMPLICIT_RETAIN_SELF = YES;
				CLANG_WARN_OBJC_LITERAL_CONVERSION = YES;
				CLANG_WARN_OBJC_ROOT_CLASS = YES_ERROR;
				CLANG_WARN_RANGE_LOOP_ANALYSIS = YES;
				CLANG_WARN_STRICT_PROTOTYPES = YES;
				CLANG_WARN_SUSPICIOUS_MOVE = YES;
				CLANG_WARN_UNGUARDED_AVAILABILITY = YES_AGGRESSIVE;
				CLANG_WARN_UNREACHABLE_CODE = YES;
				CLANG_WARN__DUPLICATE_METHOD_MATCH = YES;
				CODE_SIGN_IDENTITY = "Mac Developer";
				COPY_PHASE_STRIP = NO;
				DEBUG_INFORMATION_FORMAT = "dwarf-with-dsym";
				ENABLE_NS_ASSERTIONS = NO;
				ENABLE_STRICT_OBJC_MSGSEND = YES;
				GCC_C_LANGUAGE_STANDARD = gnu11;
				GCC_NO_COMMON_BLOCKS = YES;
				GCC_WARN_64_TO_32_BIT_CONVERSION = YES;
				GCC_WARN_ABOUT_RETURN_TYPE = YES_ERROR;
				GCC_WARN_UNDECLARED_SELECTOR = YES;
				GCC_WARN_UNINITIALIZED_AUTOS = YES_AGGRESSIVE;
				GCC_WARN_UNUSED_FUNCTION = YES;
				GCC_WARN_UNUSED_VARIABLE = YES;
				MACOSX_DEPLOYMENT_TARGET = 10.13;
				MTL_ENABLE_DEBUG_INFO = NO;
				MTL_FAST_MATH = YES;
				SDKROOT = macosx;
				SWIFT_COMPILATION_MODE = wholemodule;
				SWIFT_OPTIMIZATION_LEVEL = "-O";
			};
			name = Release;
		};
		138F011324A0ABB4009E75CC /* Debug */ = {
			isa = XCBuildConfiguration;
			buildSettings = {
				CODE_SIGN_STYLE = Automatic;
				DEVELOPMENT_TEAM = LS5YCB456C;
				PRODUCT_NAME = "$(TARGET_NAME)";
				SWIFT_VERSION = 4.2;
			};
			name = Debug;
		};
		138F011424A0ABB4009E75CC /* Release */ = {
			isa = XCBuildConfiguration;
			buildSettings = {
				CODE_SIGN_STYLE = Automatic;
				DEVELOPMENT_TEAM = LS5YCB456C;
				PRODUCT_NAME = "$(TARGET_NAME)";
				SWIFT_VERSION = 4.2;
			};
			name = Release;
		};
/* End XCBuildConfiguration section */

/* Begin XCConfigurationList section */
		138F010624A0ABB4009E75CC /* Build configuration list for PBXProject "BelajarXCode" */ = {
			isa = XCConfigurationList;
			buildConfigurations = (
				138F011024A0ABB4009E75CC /* Debug */,
				138F011124A0ABB4009E75CC /* Release */,
			);
			defaultConfigurationIsVisible = 0;
			defaultConfigurationName = Release;
		};
		138F011224A0ABB4009E75CC /* Build configuration list for PBXNativeTarget "BelajarXCode" */ = {
			isa = XCConfigurationList;
			buildConfigurations = (
				138F011324A0ABB4009E75CC /* Debug */,
				138F011424A0ABB4009E75CC /* Release */,
			);
			defaultConfigurationIsVisible = 0;
			defaultConfigurationName = Release;
		};
/* End XCConfigurationList section */
	};
	rootObject = 138F010324A0ABB4009E75CC /* Project object */;
}
